
Microsoft Visual Studio Solution File, Format Version 12.00
# Visual Studio 15
VisualStudioVersion = 15.0.27428.2043
MinimumVisualStudioVersion = 10.0.40219.1
Project("{159641D6-6404-4A2A-AE62-294DE0FE8301}") = "ConsultaProductos", "ConsultaProductos\ConsultaProductos.dtproj", "{F0EAE2D8-8A69-4517-A80B-EC91D8761883}"
EndProject
Global
	GlobalSection(SolutionConfigurationPlatforms) = preSolution
		Development|Default = Development|Default
	EndGlobalSection
	GlobalSection(ProjectConfigurationPlatforms) = postSolution
		{F0EAE2D8-8A69-4517-A80B-EC91D8761883}.Development|Default.ActiveCfg = Development
		{F0EAE2D8-8A69-4517-A80B-EC91D8761883}.Development|Default.Build.0 = Development
	EndGlobalSection
	GlobalSection(SolutionProperties) = preSolution
		HideSolutionNode = FALSE
	EndGlobalSection
	GlobalSection(ExtensibilityGlobals) = postSolution
		SolutionGuid = {ECECFA5E-400C-43B6-BF13-06338D72195F}
	EndGlobalSection
EndGlobal
